// !$*UTF8*$!
{
	archiveVersion = 1;
	classes = {
	};
	objectVersion = 56;
	objects = {

/* Begin PBXBuildFile section */
		BC5046EC29561D83006330D6 /* ScaleViewerWithNoteMarkings.swift in Sources */ = {isa = PBXBuildFile; fileRef = BC5046EB29561D83006330D6 /* ScaleViewerWithNoteMarkings.swift */; };
		BC53CD452957FDFD0008EC5F /* LearnScale.swift in Sources */ = {isa = PBXBuildFile; fileRef = BC53CD442957FDFD0008EC5F /* LearnScale.swift */; };
		BC57A1832960F0940007ACAF /* F# Major2Baritone B.C.Audio.mp3 in Resources */ = {isa = PBXBuildFile; fileRef = BC57A1812960F0940007ACAF /* F# Major2Baritone B.C.Audio.mp3 */; };
		BC57A1842960F0940007ACAF /* F# Major2Baritone B.C.AudioSlowed.mp3 in Resources */ = {isa = PBXBuildFile; fileRef = BC57A1822960F0940007ACAF /* F# Major2Baritone B.C.AudioSlowed.mp3 */; };
		BC57A19F296542020007ACAF /* Bb Major2Bass TromboneAudioSlowed.mp3 in Resources */ = {isa = PBXBuildFile; fileRef = BC57A185296542020007ACAF /* Bb Major2Bass TromboneAudioSlowed.mp3 */; };
		BC57A1A0296542020007ACAF /* Db Major2Bass TromboneAudioSlowed.mp3 in Resources */ = {isa = PBXBuildFile; fileRef = BC57A186296542020007ACAF /* Db Major2Bass TromboneAudioSlowed.mp3 */; };
		BC57A1A1296542020007ACAF /* Chromatic0Bass TromboneAudioSlowed.mp3 in Resources */ = {isa = PBXBuildFile; fileRef = BC57A187296542020007ACAF /* Chromatic0Bass TromboneAudioSlowed.mp3 */; };
		BC57A1A2296542020007ACAF /* Eb Major2Bass TromboneAudioSlowed.mp3 in Resources */ = {isa = PBXBuildFile; fileRef = BC57A188296542020007ACAF /* Eb Major2Bass TromboneAudioSlowed.mp3 */; };
		BC57A1A3296542020007ACAF /* F# Major2Bass TromboneAudio.mp3 in Resources */ = {isa = PBXBuildFile; fileRef = BC57A189296542020007ACAF /* F# Major2Bass TromboneAudio.mp3 */; };
		BC57A1A4296542020007ACAF /* Chromatic0Bass TromboneAudio.mp3 in Resources */ = {isa = PBXBuildFile; fileRef = BC57A18A296542020007ACAF /* Chromatic0Bass TromboneAudio.mp3 */; };
		BC57A1A5296542020007ACAF /* C Major2Bass TromboneAudio.mp3 in Resources */ = {isa = PBXBuildFile; fileRef = BC57A18B296542020007ACAF /* C Major2Bass TromboneAudio.mp3 */; };
		BC57A1A6296542020007ACAF /* A Major2Bass TromboneAudio.mp3 in Resources */ = {isa = PBXBuildFile; fileRef = BC57A18C296542020007ACAF /* A Major2Bass TromboneAudio.mp3 */; };
		BC57A1A7296542020007ACAF /* D Major2Bass TromboneAudio.mp3 in Resources */ = {isa = PBXBuildFile; fileRef = BC57A18D296542020007ACAF /* D Major2Bass TromboneAudio.mp3 */; };
		BC57A1A8296542020007ACAF /* E Major2Bass TromboneAudio.mp3 in Resources */ = {isa = PBXBuildFile; fileRef = BC57A18E296542020007ACAF /* E Major2Bass TromboneAudio.mp3 */; };
		BC57A1A9296542020007ACAF /* F Major2Bass TromboneAudio.mp3 in Resources */ = {isa = PBXBuildFile; fileRef = BC57A18F296542020007ACAF /* F Major2Bass TromboneAudio.mp3 */; };
		BC57A1AA296542020007ACAF /* B Major2Bass TromboneAudio.mp3 in Resources */ = {isa = PBXBuildFile; fileRef = BC57A190296542020007ACAF /* B Major2Bass TromboneAudio.mp3 */; };
		BC57A1AB296542020007ACAF /* Bb Major2Bass TromboneAudio.mp3 in Resources */ = {isa = PBXBuildFile; fileRef = BC57A191296542020007ACAF /* Bb Major2Bass TromboneAudio.mp3 */; };
		BC57A1AC296542020007ACAF /* Ab Major2Bass TromboneAudio.mp3 in Resources */ = {isa = PBXBuildFile; fileRef = BC57A192296542020007ACAF /* Ab Major2Bass TromboneAudio.mp3 */; };
		BC57A1AD296542020007ACAF /* Eb Major2Bass TromboneAudio.mp3 in Resources */ = {isa = PBXBuildFile; fileRef = BC57A193296542020007ACAF /* Eb Major2Bass TromboneAudio.mp3 */; };
		BC57A1AE296542020007ACAF /* G Major2Bass TromboneAudio.mp3 in Resources */ = {isa = PBXBuildFile; fileRef = BC57A194296542020007ACAF /* G Major2Bass TromboneAudio.mp3 */; };
		BC57A1AF296542020007ACAF /* F# Major2Bass TromboneAudioSlowed.mp3 in Resources */ = {isa = PBXBuildFile; fileRef = BC57A195296542020007ACAF /* F# Major2Bass TromboneAudioSlowed.mp3 */; };
		BC57A1B0296542020007ACAF /* Db Major2Bass TromboneAudio.mp3 in Resources */ = {isa = PBXBuildFile; fileRef = BC57A196296542020007ACAF /* Db Major2Bass TromboneAudio.mp3 */; };
		BC57A1B1296542020007ACAF /* C Major2Bass TromboneAudioSlowed.mp3 in Resources */ = {isa = PBXBuildFile; fileRef = BC57A197296542020007ACAF /* C Major2Bass TromboneAudioSlowed.mp3 */; };
		BC57A1B2296542020007ACAF /* A Major2Bass TromboneAudioSlowed.mp3 in Resources */ = {isa = PBXBuildFile; fileRef = BC57A198296542020007ACAF /* A Major2Bass TromboneAudioSlowed.mp3 */; };
		BC57A1B3296542020007ACAF /* B Major2Bass TromboneAudioSlowed.mp3 in Resources */ = {isa = PBXBuildFile; fileRef = BC57A199296542020007ACAF /* B Major2Bass TromboneAudioSlowed.mp3 */; };
		BC57A1B4296542020007ACAF /* D Major2Bass TromboneAudioSlowed.mp3 in Resources */ = {isa = PBXBuildFile; fileRef = BC57A19A296542020007ACAF /* D Major2Bass TromboneAudioSlowed.mp3 */; };
		BC57A1B5296542020007ACAF /* E Major2Bass TromboneAudioSlowed.mp3 in Resources */ = {isa = PBXBuildFile; fileRef = BC57A19B296542020007ACAF /* E Major2Bass TromboneAudioSlowed.mp3 */; };
		BC57A1B6296542020007ACAF /* F Major2Bass TromboneAudioSlowed.mp3 in Resources */ = {isa = PBXBuildFile; fileRef = BC57A19C296542020007ACAF /* F Major2Bass TromboneAudioSlowed.mp3 */; };
		BC57A1B7296542020007ACAF /* G Major2Bass TromboneAudioSlowed.mp3 in Resources */ = {isa = PBXBuildFile; fileRef = BC57A19D296542020007ACAF /* G Major2Bass TromboneAudioSlowed.mp3 */; };
		BC57A1B8296542020007ACAF /* Ab Major2Bass TromboneAudioSlowed.mp3 in Resources */ = {isa = PBXBuildFile; fileRef = BC57A19E296542020007ACAF /* Ab Major2Bass TromboneAudioSlowed.mp3 */; };
		BC8AB665295CB84300023D60 /* Assets.xcassets in Resources */ = {isa = PBXBuildFile; fileRef = BC8AB664295CB84300023D60 /* Assets.xcassets */; };
		BC8AB683295E3CCD00023D60 /* Db Major1Baritone B.C.Audio.mp3 in Resources */ = {isa = PBXBuildFile; fileRef = BC8AB669295E3CCC00023D60 /* Db Major1Baritone B.C.Audio.mp3 */; };
		BC8AB684295E3CCD00023D60 /* Eb Major1Baritone B.C.Audio.mp3 in Resources */ = {isa = PBXBuildFile; fileRef = BC8AB66A295E3CCC00023D60 /* Eb Major1Baritone B.C.Audio.mp3 */; };
		BC8AB685295E3CCD00023D60 /* Ab Major2Baritone B.C.AudioSlowed.mp3 in Resources */ = {isa = PBXBuildFile; fileRef = BC8AB66B295E3CCC00023D60 /* Ab Major2Baritone B.C.AudioSlowed.mp3 */; };
		BC8AB686295E3CCD00023D60 /* Bb Major2Baritone B.C.AudioSlowed.mp3 in Resources */ = {isa = PBXBuildFile; fileRef = BC8AB66C295E3CCC00023D60 /* Bb Major2Baritone B.C.AudioSlowed.mp3 */; };
		BC8AB688295E3CCD00023D60 /* D Major1Baritone B.C.AudioSlowed.mp3 in Resources */ = {isa = PBXBuildFile; fileRef = BC8AB66E295E3CCD00023D60 /* D Major1Baritone B.C.AudioSlowed.mp3 */; };
		BC8AB689295E3CCD00023D60 /* C Major2Baritone B.C.Audio.mp3 in Resources */ = {isa = PBXBuildFile; fileRef = BC8AB66F295E3CCD00023D60 /* C Major2Baritone B.C.Audio.mp3 */; };
		BC8AB68A295E3CCD00023D60 /* B Major2Baritone B.C.Audio.mp3 in Resources */ = {isa = PBXBuildFile; fileRef = BC8AB670295E3CCD00023D60 /* B Major2Baritone B.C.Audio.mp3 */; };
		BC8AB68B295E3CCD00023D60 /* A Major2Baritone B.C.Audio.mp3 in Resources */ = {isa = PBXBuildFile; fileRef = BC8AB671295E3CCD00023D60 /* A Major2Baritone B.C.Audio.mp3 */; };
		BC8AB68C295E3CCD00023D60 /* E Major2Baritone B.C.Audio.mp3 in Resources */ = {isa = PBXBuildFile; fileRef = BC8AB672295E3CCD00023D60 /* E Major2Baritone B.C.Audio.mp3 */; };
		BC8AB68D295E3CCD00023D60 /* F Major2Baritone B.C.Audio.mp3 in Resources */ = {isa = PBXBuildFile; fileRef = BC8AB673295E3CCD00023D60 /* F Major2Baritone B.C.Audio.mp3 */; };
		BC8AB68E295E3CCD00023D60 /* G Major2Baritone B.C.Audio.mp3 in Resources */ = {isa = PBXBuildFile; fileRef = BC8AB674295E3CCD00023D60 /* G Major2Baritone B.C.Audio.mp3 */; };
		BC8AB68F295E3CCD00023D60 /* Db Major1Baritone B.C.AudioSlowed.mp3 in Resources */ = {isa = PBXBuildFile; fileRef = BC8AB675295E3CCD00023D60 /* Db Major1Baritone B.C.AudioSlowed.mp3 */; };
		BC8AB690295E3CCD00023D60 /* Eb Major1Baritone B.C.AudioSlowed.mp3 in Resources */ = {isa = PBXBuildFile; fileRef = BC8AB676295E3CCD00023D60 /* Eb Major1Baritone B.C.AudioSlowed.mp3 */; };
		BC8AB693295E3CCD00023D60 /* Chromatic0Baritone B.C.AudioSlowed.mp3 in Resources */ = {isa = PBXBuildFile; fileRef = BC8AB679295E3CCD00023D60 /* Chromatic0Baritone B.C.AudioSlowed.mp3 */; };
		BC8AB694295E3CCD00023D60 /* Chromatic0Baritone B.C.Audio.mp3 in Resources */ = {isa = PBXBuildFile; fileRef = BC8AB67A295E3CCD00023D60 /* Chromatic0Baritone B.C.Audio.mp3 */; };
		BC8AB695295E3CCD00023D60 /* Ab Major2Baritone B.C.Audio.mp3 in Resources */ = {isa = PBXBuildFile; fileRef = BC8AB67B295E3CCD00023D60 /* Ab Major2Baritone B.C.Audio.mp3 */; };
		BC8AB696295E3CCD00023D60 /* Bb Major2Baritone B.C.Audio.mp3 in Resources */ = {isa = PBXBuildFile; fileRef = BC8AB67C295E3CCD00023D60 /* Bb Major2Baritone B.C.Audio.mp3 */; };
		BC8AB697295E3CCD00023D60 /* B Major2Baritone B.C.AudioSlowed.mp3 in Resources */ = {isa = PBXBuildFile; fileRef = BC8AB67D295E3CCD00023D60 /* B Major2Baritone B.C.AudioSlowed.mp3 */; };
		BC8AB698295E3CCD00023D60 /* A Major2Baritone B.C.AudioSlowed.mp3 in Resources */ = {isa = PBXBuildFile; fileRef = BC8AB67E295E3CCD00023D60 /* A Major2Baritone B.C.AudioSlowed.mp3 */; };
		BC8AB699295E3CCD00023D60 /* C Major2Baritone B.C.AudioSlowed.mp3 in Resources */ = {isa = PBXBuildFile; fileRef = BC8AB67F295E3CCD00023D60 /* C Major2Baritone B.C.AudioSlowed.mp3 */; };
		BC8AB69A295E3CCD00023D60 /* E Major2Baritone B.C.AudioSlowed.mp3 in Resources */ = {isa = PBXBuildFile; fileRef = BC8AB680295E3CCD00023D60 /* E Major2Baritone B.C.AudioSlowed.mp3 */; };
		BC8AB69B295E3CCD00023D60 /* F Major2Baritone B.C.AudioSlowed.mp3 in Resources */ = {isa = PBXBuildFile; fileRef = BC8AB681295E3CCD00023D60 /* F Major2Baritone B.C.AudioSlowed.mp3 */; };
		BC8AB69C295E3CCD00023D60 /* D Major1Baritone B.C.Audio.mp3 in Resources */ = {isa = PBXBuildFile; fileRef = BC8AB682295E3CCD00023D60 /* D Major1Baritone B.C.Audio.mp3 */; };
		BC99DDBA294E50AA00AB5AF0 /* ScaleMasterApp.swift in Sources */ = {isa = PBXBuildFile; fileRef = BC99DDB9294E50AA00AB5AF0 /* ScaleMasterApp.swift */; };
		BC99DDBC294E50AA00AB5AF0 /* ContentView.swift in Sources */ = {isa = PBXBuildFile; fileRef = BC99DDBB294E50AA00AB5AF0 /* ContentView.swift */; };
		BC99DDC2294E50AB00AB5AF0 /* Preview Assets.xcassets in Resources */ = {isa = PBXBuildFile; fileRef = BC99DDC1294E50AB00AB5AF0 /* Preview Assets.xcassets */; };
		BCB11BE02956606E006788EE /* Bb Major2TubaAudio.mp3 in Resources */ = {isa = PBXBuildFile; fileRef = BCB11BC62956606E006788EE /* Bb Major2TubaAudio.mp3 */; };
		BCB11BE12956606E006788EE /* B Major2TubaAudio.mp3 in Resources */ = {isa = PBXBuildFile; fileRef = BCB11BC72956606E006788EE /* B Major2TubaAudio.mp3 */; };
		BCB11BE22956606E006788EE /* Ab Major2TubaAudio.mp3 in Resources */ = {isa = PBXBuildFile; fileRef = BCB11BC82956606E006788EE /* Ab Major2TubaAudio.mp3 */; };
		BCB11BE32956606E006788EE /* F Major2TubaAudioSlowed.mp3 in Resources */ = {isa = PBXBuildFile; fileRef = BCB11BC92956606E006788EE /* F Major2TubaAudioSlowed.mp3 */; };
		BCB11BE42956606E006788EE /* Bb Major2TubaAudioSlowed.mp3 in Resources */ = {isa = PBXBuildFile; fileRef = BCB11BCA2956606E006788EE /* Bb Major2TubaAudioSlowed.mp3 */; };
		BCB11BE52956606E006788EE /* D Major1TubaAudio.mp3 in Resources */ = {isa = PBXBuildFile; fileRef = BCB11BCB2956606E006788EE /* D Major1TubaAudio.mp3 */; };
		BCB11BE62956606E006788EE /* Db Major1TubaAudio.mp3 in Resources */ = {isa = PBXBuildFile; fileRef = BCB11BCC2956606E006788EE /* Db Major1TubaAudio.mp3 */; };
		BCB11BE72956606E006788EE /* Chromatic0TubaAudio.mp3 in Resources */ = {isa = PBXBuildFile; fileRef = BCB11BCD2956606E006788EE /* Chromatic0TubaAudio.mp3 */; };
		BCB11BE82956606E006788EE /* C Major2TubaAudioSlowed.mp3 in Resources */ = {isa = PBXBuildFile; fileRef = BCB11BCE2956606E006788EE /* C Major2TubaAudioSlowed.mp3 */; };
		BCB11BE92956606E006788EE /* E Major2TubaAudioSlowed.mp3 in Resources */ = {isa = PBXBuildFile; fileRef = BCB11BCF2956606E006788EE /* E Major2TubaAudioSlowed.mp3 */; };
		BCB11BEA2956606E006788EE /* A Major2TubaAudioSlowed.mp3 in Resources */ = {isa = PBXBuildFile; fileRef = BCB11BD02956606E006788EE /* A Major2TubaAudioSlowed.mp3 */; };
		BCB11BEB2956606E006788EE /* Db Major1TubaAudioSlowed.mp3 in Resources */ = {isa = PBXBuildFile; fileRef = BCB11BD12956606E006788EE /* Db Major1TubaAudioSlowed.mp3 */; };
		BCB11BEC2956606E006788EE /* D Major1TubaAudioSlowed.mp3 in Resources */ = {isa = PBXBuildFile; fileRef = BCB11BD22956606E006788EE /* D Major1TubaAudioSlowed.mp3 */; };
		BCB11BED2956606E006788EE /* G Major2TubaAudio.mp3 in Resources */ = {isa = PBXBuildFile; fileRef = BCB11BD32956606E006788EE /* G Major2TubaAudio.mp3 */; };
		BCB11BEE2956606E006788EE /* Ab Major2TubaAudioSlowed.mp3 in Resources */ = {isa = PBXBuildFile; fileRef = BCB11BD42956606E006788EE /* Ab Major2TubaAudioSlowed.mp3 */; };
		BCB11BEF2956606E006788EE /* Eb Major1TubaAudio.mp3 in Resources */ = {isa = PBXBuildFile; fileRef = BCB11BD52956606E006788EE /* Eb Major1TubaAudio.mp3 */; };
		BCB11BF02956606E006788EE /* G Major2TubaAudioSlowed.mp3 in Resources */ = {isa = PBXBuildFile; fileRef = BCB11BD62956606E006788EE /* G Major2TubaAudioSlowed.mp3 */; };
		BCB11BF12956606E006788EE /* Eb Major1TubaAudioSlowed.mp3 in Resources */ = {isa = PBXBuildFile; fileRef = BCB11BD72956606E006788EE /* Eb Major1TubaAudioSlowed.mp3 */; };
		BCB11BF22956606E006788EE /* F# Major2TubaAudio.mp3 in Resources */ = {isa = PBXBuildFile; fileRef = BCB11BD82956606E006788EE /* F# Major2TubaAudio.mp3 */; };
		BCB11BF32956606E006788EE /* F Major2TubaAudio.mp3 in Resources */ = {isa = PBXBuildFile; fileRef = BCB11BD92956606E006788EE /* F Major2TubaAudio.mp3 */; };
		BCB11BF42956606E006788EE /* B Major2TubaAudioSlowed.mp3 in Resources */ = {isa = PBXBuildFile; fileRef = BCB11BDA2956606E006788EE /* B Major2TubaAudioSlowed.mp3 */; };
		BCB11BF52956606E006788EE /* C Major2TubaAudio.mp3 in Resources */ = {isa = PBXBuildFile; fileRef = BCB11BDB2956606E006788EE /* C Major2TubaAudio.mp3 */; };
		BCB11BF62956606E006788EE /* E Major2TubaAudio.mp3 in Resources */ = {isa = PBXBuildFile; fileRef = BCB11BDC2956606E006788EE /* E Major2TubaAudio.mp3 */; };
		BCB11BF72956606E006788EE /* F# Major2TubaAudioSlowed.mp3 in Resources */ = {isa = PBXBuildFile; fileRef = BCB11BDD2956606E006788EE /* F# Major2TubaAudioSlowed.mp3 */; };
		BCB11BF82956606E006788EE /* Chromatic0TubaAudioSlowed.mp3 in Resources */ = {isa = PBXBuildFile; fileRef = BCB11BDE2956606E006788EE /* Chromatic0TubaAudioSlowed.mp3 */; };
		BCB11BF92956606E006788EE /* A Major2TubaAudio.mp3 in Resources */ = {isa = PBXBuildFile; fileRef = BCB11BDF2956606E006788EE /* A Major2TubaAudio.mp3 */; };
		BCB11BFD29578C83006788EE /* ScaleWithMarking.swift in Sources */ = {isa = PBXBuildFile; fileRef = BCB11BFC29578C83006788EE /* ScaleWithMarking.swift */; };
		BCC19E71294E93EC002F0A2C /* Settings.swift in Sources */ = {isa = PBXBuildFile; fileRef = BCC19E70294E93EC002F0A2C /* Settings.swift */; };
		BCC19E73294E93F4002F0A2C /* Main.swift in Sources */ = {isa = PBXBuildFile; fileRef = BCC19E72294E93F4002F0A2C /* Main.swift */; };
		BCC19E75294E98D7002F0A2C /* Storage.swift in Sources */ = {isa = PBXBuildFile; fileRef = BCC19E74294E98D7002F0A2C /* Storage.swift */; };
		BCC19E77294EAE03002F0A2C /* InstrumentChooser.swift in Sources */ = {isa = PBXBuildFile; fileRef = BCC19E76294EAE03002F0A2C /* InstrumentChooser.swift */; };
		BCC19E7E294EDA8F002F0A2C /* ScaleViewer.swift in Sources */ = {isa = PBXBuildFile; fileRef = BCC19E7D294EDA8F002F0A2C /* ScaleViewer.swift */; };
		BCC19EA3294F903A002F0A2C /* ScaleSelectionList.swift in Sources */ = {isa = PBXBuildFile; fileRef = BCC19EA2294F903A002F0A2C /* ScaleSelectionList.swift */; };
		BCC19EA5294FA390002F0A2C /* Scale View.swift in Sources */ = {isa = PBXBuildFile; fileRef = BCC19EA4294FA390002F0A2C /* Scale View.swift */; };
		BCC19EAC294FC6A5002F0A2C /* Whoosh.m4a in Resources */ = {isa = PBXBuildFile; fileRef = BCC19EAB294FC6A5002F0A2C /* Whoosh.m4a */; };
		BCC19EB32950E7D3002F0A2C /* ScaleViewerDetailView.swift in Sources */ = {isa = PBXBuildFile; fileRef = BCC19EB22950E7D3002F0A2C /* ScaleViewerDetailView.swift */; };
		BCF5A0A029E381150087E6AB /* G Major2Baritone B.C.AudioSlowed.mp3 in Resources */ = {isa = PBXBuildFile; fileRef = BCF5A09F29E381150087E6AB /* G Major2Baritone B.C.AudioSlowed.mp3 */; };
/* End PBXBuildFile section */

/* Begin PBXFileReference section */
		BC5046EB29561D83006330D6 /* ScaleViewerWithNoteMarkings.swift */ = {isa = PBXFileReference; lastKnownFileType = sourcecode.swift; path = ScaleViewerWithNoteMarkings.swift; sourceTree = "<group>"; };
		BC53CD442957FDFD0008EC5F /* LearnScale.swift */ = {isa = PBXFileReference; lastKnownFileType = sourcecode.swift; path = LearnScale.swift; sourceTree = "<group>"; };
		BC57A1812960F0940007ACAF /* F# Major2Baritone B.C.Audio.mp3 */ = {isa = PBXFileReference; lastKnownFileType = audio.mp3; name = "F# Major2Baritone B.C.Audio.mp3"; path = "Photos and audio editing/Updated Sounds/Baritone Sounds/Real Files/F# Major2Baritone B.C.Audio.mp3"; sourceTree = SOURCE_ROOT; };
		BC57A1822960F0940007ACAF /* F# Major2Baritone B.C.AudioSlowed.mp3 */ = {isa = PBXFileReference; lastKnownFileType = audio.mp3; name = "F# Major2Baritone B.C.AudioSlowed.mp3"; path = "Photos and audio editing/Updated Sounds/Baritone Sounds/Real Files/F# Major2Baritone B.C.AudioSlowed.mp3"; sourceTree = SOURCE_ROOT; };
		BC57A185296542020007ACAF /* Bb Major2Bass TromboneAudioSlowed.mp3 */ = {isa = PBXFileReference; lastKnownFileType = audio.mp3; name = "Bb Major2Bass TromboneAudioSlowed.mp3"; path = "Scale Master/Sounds/Bass Trombone/Bb Major2Bass TromboneAudioSlowed.mp3"; sourceTree = SOURCE_ROOT; };
		BC57A186296542020007ACAF /* Db Major2Bass TromboneAudioSlowed.mp3 */ = {isa = PBXFileReference; lastKnownFileType = audio.mp3; name = "Db Major2Bass TromboneAudioSlowed.mp3"; path = "Scale Master/Sounds/Bass Trombone/Db Major2Bass TromboneAudioSlowed.mp3"; sourceTree = SOURCE_ROOT; };
		BC57A187296542020007ACAF /* Chromatic0Bass TromboneAudioSlowed.mp3 */ = {isa = PBXFileReference; lastKnownFileType = audio.mp3; name = "Chromatic0Bass TromboneAudioSlowed.mp3"; path = "Scale Master/Sounds/Bass Trombone/Chromatic0Bass TromboneAudioSlowed.mp3"; sourceTree = SOURCE_ROOT; };
		BC57A188296542020007ACAF /* Eb Major2Bass TromboneAudioSlowed.mp3 */ = {isa = PBXFileReference; lastKnownFileType = audio.mp3; name = "Eb Major2Bass TromboneAudioSlowed.mp3"; path = "Scale Master/Sounds/Bass Trombone/Eb Major2Bass TromboneAudioSlowed.mp3"; sourceTree = SOURCE_ROOT; };
		BC57A189296542020007ACAF /* F# Major2Bass TromboneAudio.mp3 */ = {isa = PBXFileReference; lastKnownFileType = audio.mp3; name = "F# Major2Bass TromboneAudio.mp3"; path = "Scale Master/Sounds/Bass Trombone/F# Major2Bass TromboneAudio.mp3"; sourceTree = SOURCE_ROOT; };
		BC57A18A296542020007ACAF /* Chromatic0Bass TromboneAudio.mp3 */ = {isa = PBXFileReference; lastKnownFileType = audio.mp3; name = "Chromatic0Bass TromboneAudio.mp3"; path = "Scale Master/Sounds/Bass Trombone/Chromatic0Bass TromboneAudio.mp3"; sourceTree = SOURCE_ROOT; };
		BC57A18B296542020007ACAF /* C Major2Bass TromboneAudio.mp3 */ = {isa = PBXFileReference; lastKnownFileType = audio.mp3; name = "C Major2Bass TromboneAudio.mp3"; path = "Scale Master/Sounds/Bass Trombone/C Major2Bass TromboneAudio.mp3"; sourceTree = SOURCE_ROOT; };
		BC57A18C296542020007ACAF /* A Major2Bass TromboneAudio.mp3 */ = {isa = PBXFileReference; lastKnownFileType = audio.mp3; name = "A Major2Bass TromboneAudio.mp3"; path = "Scale Master/Sounds/Bass Trombone/A Major2Bass TromboneAudio.mp3"; sourceTree = SOURCE_ROOT; };
		BC57A18D296542020007ACAF /* D Major2Bass TromboneAudio.mp3 */ = {isa = PBXFileReference; lastKnownFileType = audio.mp3; name = "D Major2Bass TromboneAudio.mp3"; path = "Scale Master/Sounds/Bass Trombone/D Major2Bass TromboneAudio.mp3"; sourceTree = SOURCE_ROOT; };
		BC57A18E296542020007ACAF /* E Major2Bass TromboneAudio.mp3 */ = {isa = PBXFileReference; lastKnownFileType = audio.mp3; name = "E Major2Bass TromboneAudio.mp3"; path = "Scale Master/Sounds/Bass Trombone/E Major2Bass TromboneAudio.mp3"; sourceTree = SOURCE_ROOT; };
		BC57A18F296542020007ACAF /* F Major2Bass TromboneAudio.mp3 */ = {isa = PBXFileReference; lastKnownFileType = audio.mp3; name = "F Major2Bass TromboneAudio.mp3"; path = "Scale Master/Sounds/Bass Trombone/F Major2Bass TromboneAudio.mp3"; sourceTree = SOURCE_ROOT; };
		BC57A190296542020007ACAF /* B Major2Bass TromboneAudio.mp3 */ = {isa = PBXFileReference; lastKnownFileType = audio.mp3; name = "B Major2Bass TromboneAudio.mp3"; path = "Scale Master/Sounds/Bass Trombone/B Major2Bass TromboneAudio.mp3"; sourceTree = SOURCE_ROOT; };
		BC57A191296542020007ACAF /* Bb Major2Bass TromboneAudio.mp3 */ = {isa = PBXFileReference; lastKnownFileType = audio.mp3; name = "Bb Major2Bass TromboneAudio.mp3"; path = "Scale Master/Sounds/Bass Trombone/Bb Major2Bass TromboneAudio.mp3"; sourceTree = SOURCE_ROOT; };
		BC57A192296542020007ACAF /* Ab Major2Bass TromboneAudio.mp3 */ = {isa = PBXFileReference; lastKnownFileType = audio.mp3; name = "Ab Major2Bass TromboneAudio.mp3"; path = "Scale Master/Sounds/Bass Trombone/Ab Major2Bass TromboneAudio.mp3"; sourceTree = SOURCE_ROOT; };
		BC57A193296542020007ACAF /* Eb Major2Bass TromboneAudio.mp3 */ = {isa = PBXFileReference; lastKnownFileType = audio.mp3; name = "Eb Major2Bass TromboneAudio.mp3"; path = "Scale Master/Sounds/Bass Trombone/Eb Major2Bass TromboneAudio.mp3"; sourceTree = SOURCE_ROOT; };
		BC57A194296542020007ACAF /* G Major2Bass TromboneAudio.mp3 */ = {isa = PBXFileReference; lastKnownFileType = audio.mp3; name = "G Major2Bass TromboneAudio.mp3"; path = "Scale Master/Sounds/Bass Trombone/G Major2Bass TromboneAudio.mp3"; sourceTree = SOURCE_ROOT; };
		BC57A195296542020007ACAF /* F# Major2Bass TromboneAudioSlowed.mp3 */ = {isa = PBXFileReference; lastKnownFileType = audio.mp3; name = "F# Major2Bass TromboneAudioSlowed.mp3"; path = "Scale Master/Sounds/Bass Trombone/F# Major2Bass TromboneAudioSlowed.mp3"; sourceTree = SOURCE_ROOT; };
		BC57A196296542020007ACAF /* Db Major2Bass TromboneAudio.mp3 */ = {isa = PBXFileReference; lastKnownFileType = audio.mp3; name = "Db Major2Bass TromboneAudio.mp3"; path = "Scale Master/Sounds/Bass Trombone/Db Major2Bass TromboneAudio.mp3"; sourceTree = SOURCE_ROOT; };
		BC57A197296542020007ACAF /* C Major2Bass TromboneAudioSlowed.mp3 */ = {isa = PBXFileReference; lastKnownFileType = audio.mp3; name = "C Major2Bass TromboneAudioSlowed.mp3"; path = "Scale Master/Sounds/Bass Trombone/C Major2Bass TromboneAudioSlowed.mp3"; sourceTree = SOURCE_ROOT; };
		BC57A198296542020007ACAF /* A Major2Bass TromboneAudioSlowed.mp3 */ = {isa = PBXFileReference; lastKnownFileType = audio.mp3; name = "A Major2Bass TromboneAudioSlowed.mp3"; path = "Scale Master/Sounds/Bass Trombone/A Major2Bass TromboneAudioSlowed.mp3"; sourceTree = SOURCE_ROOT; };
		BC57A199296542020007ACAF /* B Major2Bass TromboneAudioSlowed.mp3 */ = {isa = PBXFileReference; lastKnownFileType = audio.mp3; name = "B Major2Bass TromboneAudioSlowed.mp3"; path = "Scale Master/Sounds/Bass Trombone/B Major2Bass TromboneAudioSlowed.mp3"; sourceTree = SOURCE_ROOT; };
		BC57A19A296542020007ACAF /* D Major2Bass TromboneAudioSlowed.mp3 */ = {isa = PBXFileReference; lastKnownFileType = audio.mp3; name = "D Major2Bass TromboneAudioSlowed.mp3"; path = "Scale Master/Sounds/Bass Trombone/D Major2Bass TromboneAudioSlowed.mp3"; sourceTree = SOURCE_ROOT; };
		BC57A19B296542020007ACAF /* E Major2Bass TromboneAudioSlowed.mp3 */ = {isa = PBXFileReference; lastKnownFileType = audio.mp3; name = "E Major2Bass TromboneAudioSlowed.mp3"; path = "Scale Master/Sounds/Bass Trombone/E Major2Bass TromboneAudioSlowed.mp3"; sourceTree = SOURCE_ROOT; };
		BC57A19C296542020007ACAF /* F Major2Bass TromboneAudioSlowed.mp3 */ = {isa = PBXFileReference; lastKnownFileType = audio.mp3; name = "F Major2Bass TromboneAudioSlowed.mp3"; path = "Scale Master/Sounds/Bass Trombone/F Major2Bass TromboneAudioSlowed.mp3"; sourceTree = SOURCE_ROOT; };
		BC57A19D296542020007ACAF /* G Major2Bass TromboneAudioSlowed.mp3 */ = {isa = PBXFileReference; lastKnownFileType = audio.mp3; name = "G Major2Bass TromboneAudioSlowed.mp3"; path = "Scale Master/Sounds/Bass Trombone/G Major2Bass TromboneAudioSlowed.mp3"; sourceTree = SOURCE_ROOT; };
		BC57A19E296542020007ACAF /* Ab Major2Bass TromboneAudioSlowed.mp3 */ = {isa = PBXFileReference; lastKnownFileType = audio.mp3; name = "Ab Major2Bass TromboneAudioSlowed.mp3"; path = "Scale Master/Sounds/Bass Trombone/Ab Major2Bass TromboneAudioSlowed.mp3"; sourceTree = SOURCE_ROOT; };
		BC8AB65F295CA4C700023D60 /* Info.plist */ = {isa = PBXFileReference; lastKnownFileType = text.plist; path = Info.plist; sourceTree = "<group>"; };
		BC8AB664295CB84300023D60 /* Assets.xcassets */ = {isa = PBXFileReference; lastKnownFileType = folder.assetcatalog; path = Assets.xcassets; sourceTree = "<group>"; };
		BC8AB666295CB92700023D60 /* Scale Master.entitlements */ = {isa = PBXFileReference; fileEncoding = 4; lastKnownFileType = text.plist.entitlements; path = "Scale Master.entitlements"; sourceTree = "<group>"; };
		BC8AB669295E3CCC00023D60 /* Db Major1Baritone B.C.Audio.mp3 */ = {isa = PBXFileReference; lastKnownFileType = audio.mp3; name = "Db Major1Baritone B.C.Audio.mp3"; path = "Photos and audio editing/Updated Sounds/Baritone Sounds/Real Files/Db Major1Baritone B.C.Audio.mp3"; sourceTree = SOURCE_ROOT; };
		BC8AB66A295E3CCC00023D60 /* Eb Major1Baritone B.C.Audio.mp3 */ = {isa = PBXFileReference; lastKnownFileType = audio.mp3; name = "Eb Major1Baritone B.C.Audio.mp3"; path = "Photos and audio editing/Updated Sounds/Baritone Sounds/Real Files/Eb Major1Baritone B.C.Audio.mp3"; sourceTree = SOURCE_ROOT; };
		BC8AB66B295E3CCC00023D60 /* Ab Major2Baritone B.C.AudioSlowed.mp3 */ = {isa = PBXFileReference; lastKnownFileType = audio.mp3; name = "Ab Major2Baritone B.C.AudioSlowed.mp3"; path = "Photos and audio editing/Updated Sounds/Baritone Sounds/Real Files/Ab Major2Baritone B.C.AudioSlowed.mp3"; sourceTree = SOURCE_ROOT; };
		BC8AB66C295E3CCC00023D60 /* Bb Major2Baritone B.C.AudioSlowed.mp3 */ = {isa = PBXFileReference; lastKnownFileType = audio.mp3; name = "Bb Major2Baritone B.C.AudioSlowed.mp3"; path = "Photos and audio editing/Updated Sounds/Baritone Sounds/Real Files/Bb Major2Baritone B.C.AudioSlowed.mp3"; sourceTree = SOURCE_ROOT; };
		BC8AB66E295E3CCD00023D60 /* D Major1Baritone B.C.AudioSlowed.mp3 */ = {isa = PBXFileReference; lastKnownFileType = audio.mp3; name = "D Major1Baritone B.C.AudioSlowed.mp3"; path = "Photos and audio editing/Updated Sounds/Baritone Sounds/Real Files/D Major1Baritone B.C.AudioSlowed.mp3"; sourceTree = SOURCE_ROOT; };
		BC8AB66F295E3CCD00023D60 /* C Major2Baritone B.C.Audio.mp3 */ = {isa = PBXFileReference; lastKnownFileType = audio.mp3; name = "C Major2Baritone B.C.Audio.mp3"; path = "Photos and audio editing/Updated Sounds/Baritone Sounds/Real Files/C Major2Baritone B.C.Audio.mp3"; sourceTree = SOURCE_ROOT; };
		BC8AB670295E3CCD00023D60 /* B Major2Baritone B.C.Audio.mp3 */ = {isa = PBXFileReference; lastKnownFileType = audio.mp3; name = "B Major2Baritone B.C.Audio.mp3"; path = "Photos and audio editing/Updated Sounds/Baritone Sounds/Real Files/B Major2Baritone B.C.Audio.mp3"; sourceTree = SOURCE_ROOT; };
		BC8AB671295E3CCD00023D60 /* A Major2Baritone B.C.Audio.mp3 */ = {isa = PBXFileReference; lastKnownFileType = audio.mp3; name = "A Major2Baritone B.C.Audio.mp3"; path = "Photos and audio editing/Updated Sounds/Baritone Sounds/Real Files/A Major2Baritone B.C.Audio.mp3"; sourceTree = SOURCE_ROOT; };
		BC8AB672295E3CCD00023D60 /* E Major2Baritone B.C.Audio.mp3 */ = {isa = PBXFileReference; lastKnownFileType = audio.mp3; name = "E Major2Baritone B.C.Audio.mp3"; path = "Photos and audio editing/Updated Sounds/Baritone Sounds/Real Files/E Major2Baritone B.C.Audio.mp3"; sourceTree = SOURCE_ROOT; };
		BC8AB673295E3CCD00023D60 /* F Major2Baritone B.C.Audio.mp3 */ = {isa = PBXFileReference; lastKnownFileType = audio.mp3; name = "F Major2Baritone B.C.Audio.mp3"; path = "Photos and audio editing/Updated Sounds/Baritone Sounds/Real Files/F Major2Baritone B.C.Audio.mp3"; sourceTree = SOURCE_ROOT; };
		BC8AB674295E3CCD00023D60 /* G Major2Baritone B.C.Audio.mp3 */ = {isa = PBXFileReference; lastKnownFileType = audio.mp3; name = "G Major2Baritone B.C.Audio.mp3"; path = "Photos and audio editing/Updated Sounds/Baritone Sounds/Real Files/G Major2Baritone B.C.Audio.mp3"; sourceTree = SOURCE_ROOT; };
		BC8AB675295E3CCD00023D60 /* Db Major1Baritone B.C.AudioSlowed.mp3 */ = {isa = PBXFileReference; lastKnownFileType = audio.mp3; name = "Db Major1Baritone B.C.AudioSlowed.mp3"; path = "Photos and audio editing/Updated Sounds/Baritone Sounds/Real Files/Db Major1Baritone B.C.AudioSlowed.mp3"; sourceTree = SOURCE_ROOT; };
		BC8AB676295E3CCD00023D60 /* Eb Major1Baritone B.C.AudioSlowed.mp3 */ = {isa = PBXFileReference; lastKnownFileType = audio.mp3; name = "Eb Major1Baritone B.C.AudioSlowed.mp3"; path = "Photos and audio editing/Updated Sounds/Baritone Sounds/Real Files/Eb Major1Baritone B.C.AudioSlowed.mp3"; sourceTree = SOURCE_ROOT; };
		BC8AB679295E3CCD00023D60 /* Chromatic0Baritone B.C.AudioSlowed.mp3 */ = {isa = PBXFileReference; lastKnownFileType = audio.mp3; name = "Chromatic0Baritone B.C.AudioSlowed.mp3"; path = "Photos and audio editing/Updated Sounds/Baritone Sounds/Real Files/Chromatic0Baritone B.C.AudioSlowed.mp3"; sourceTree = SOURCE_ROOT; };
		BC8AB67A295E3CCD00023D60 /* Chromatic0Baritone B.C.Audio.mp3 */ = {isa = PBXFileReference; lastKnownFileType = audio.mp3; name = "Chromatic0Baritone B.C.Audio.mp3"; path = "Photos and audio editing/Updated Sounds/Baritone Sounds/Real Files/Chromatic0Baritone B.C.Audio.mp3"; sourceTree = SOURCE_ROOT; };
		BC8AB67B295E3CCD00023D60 /* Ab Major2Baritone B.C.Audio.mp3 */ = {isa = PBXFileReference; lastKnownFileType = audio.mp3; name = "Ab Major2Baritone B.C.Audio.mp3"; path = "Photos and audio editing/Updated Sounds/Baritone Sounds/Real Files/Ab Major2Baritone B.C.Audio.mp3"; sourceTree = SOURCE_ROOT; };
		BC8AB67C295E3CCD00023D60 /* Bb Major2Baritone B.C.Audio.mp3 */ = {isa = PBXFileReference; lastKnownFileType = audio.mp3; name = "Bb Major2Baritone B.C.Audio.mp3"; path = "Photos and audio editing/Updated Sounds/Baritone Sounds/Real Files/Bb Major2Baritone B.C.Audio.mp3"; sourceTree = SOURCE_ROOT; };
		BC8AB67D295E3CCD00023D60 /* B Major2Baritone B.C.AudioSlowed.mp3 */ = {isa = PBXFileReference; lastKnownFileType = audio.mp3; name = "B Major2Baritone B.C.AudioSlowed.mp3"; path = "Photos and audio editing/Updated Sounds/Baritone Sounds/Real Files/B Major2Baritone B.C.AudioSlowed.mp3"; sourceTree = SOURCE_ROOT; };
		BC8AB67E295E3CCD00023D60 /* A Major2Baritone B.C.AudioSlowed.mp3 */ = {isa = PBXFileReference; lastKnownFileType = audio.mp3; name = "A Major2Baritone B.C.AudioSlowed.mp3"; path = "Photos and audio editing/Updated Sounds/Baritone Sounds/Real Files/A Major2Baritone B.C.AudioSlowed.mp3"; sourceTree = SOURCE_ROOT; };
		BC8AB67F295E3CCD00023D60 /* C Major2Baritone B.C.AudioSlowed.mp3 */ = {isa = PBXFileReference; lastKnownFileType = audio.mp3; name = "C Major2Baritone B.C.AudioSlowed.mp3"; path = "Photos and audio editing/Updated Sounds/Baritone Sounds/Real Files/C Major2Baritone B.C.AudioSlowed.mp3"; sourceTree = SOURCE_ROOT; };
		BC8AB680295E3CCD00023D60 /* E Major2Baritone B.C.AudioSlowed.mp3 */ = {isa = PBXFileReference; lastKnownFileType = audio.mp3; name = "E Major2Baritone B.C.AudioSlowed.mp3"; path = "Photos and audio editing/Updated Sounds/Baritone Sounds/Real Files/E Major2Baritone B.C.AudioSlowed.mp3"; sourceTree = SOURCE_ROOT; };
		BC8AB681295E3CCD00023D60 /* F Major2Baritone B.C.AudioSlowed.mp3 */ = {isa = PBXFileReference; lastKnownFileType = audio.mp3; name = "F Major2Baritone B.C.AudioSlowed.mp3"; path = "Photos and audio editing/Updated Sounds/Baritone Sounds/Real Files/F Major2Baritone B.C.AudioSlowed.mp3"; sourceTree = SOURCE_ROOT; };
		BC8AB682295E3CCD00023D60 /* D Major1Baritone B.C.Audio.mp3 */ = {isa = PBXFileReference; lastKnownFileType = audio.mp3; name = "D Major1Baritone B.C.Audio.mp3"; path = "Photos and audio editing/Updated Sounds/Baritone Sounds/Real Files/D Major1Baritone B.C.Audio.mp3"; sourceTree = SOURCE_ROOT; };
		BC99DDB6294E50AA00AB5AF0 /* Scale Master.app */ = {isa = PBXFileReference; explicitFileType = wrapper.application; includeInIndex = 0; path = "Scale Master.app"; sourceTree = BUILT_PRODUCTS_DIR; };
		BC99DDB9294E50AA00AB5AF0 /* ScaleMasterApp.swift */ = {isa = PBXFileReference; lastKnownFileType = sourcecode.swift; path = ScaleMasterApp.swift; sourceTree = "<group>"; };
		BC99DDBB294E50AA00AB5AF0 /* ContentView.swift */ = {isa = PBXFileReference; lastKnownFileType = sourcecode.swift; path = ContentView.swift; sourceTree = "<group>"; };
		BC99DDC1294E50AB00AB5AF0 /* Preview Assets.xcassets */ = {isa = PBXFileReference; lastKnownFileType = folder.assetcatalog; path = "Preview Assets.xcassets"; sourceTree = "<group>"; };
		BCB11BC62956606E006788EE /* Bb Major2TubaAudio.mp3 */ = {isa = PBXFileReference; lastKnownFileType = audio.mp3; name = "Bb Major2TubaAudio.mp3"; path = "Photos and audio editing/Updated Sounds/Bb Major2TubaAudio.mp3"; sourceTree = SOURCE_ROOT; };
		BCB11BC72956606E006788EE /* B Major2TubaAudio.mp3 */ = {isa = PBXFileReference; lastKnownFileType = audio.mp3; name = "B Major2TubaAudio.mp3"; path = "Photos and audio editing/Updated Sounds/B Major2TubaAudio.mp3"; sourceTree = SOURCE_ROOT; };
		BCB11BC82956606E006788EE /* Ab Major2TubaAudio.mp3 */ = {isa = PBXFileReference; lastKnownFileType = audio.mp3; name = "Ab Major2TubaAudio.mp3"; path = "Photos and audio editing/Updated Sounds/Ab Major2TubaAudio.mp3"; sourceTree = SOURCE_ROOT; };
		BCB11BC92956606E006788EE /* F Major2TubaAudioSlowed.mp3 */ = {isa = PBXFileReference; lastKnownFileType = audio.mp3; name = "F Major2TubaAudioSlowed.mp3"; path = "Photos and audio editing/Updated Sounds/F Major2TubaAudioSlowed.mp3"; sourceTree = SOURCE_ROOT; };
		BCB11BCA2956606E006788EE /* Bb Major2TubaAudioSlowed.mp3 */ = {isa = PBXFileReference; lastKnownFileType = audio.mp3; name = "Bb Major2TubaAudioSlowed.mp3"; path = "Photos and audio editing/Updated Sounds/Bb Major2TubaAudioSlowed.mp3"; sourceTree = SOURCE_ROOT; };
		BCB11BCB2956606E006788EE /* D Major1TubaAudio.mp3 */ = {isa = PBXFileReference; lastKnownFileType = audio.mp3; name = "D Major1TubaAudio.mp3"; path = "Photos and audio editing/Updated Sounds/D Major1TubaAudio.mp3"; sourceTree = SOURCE_ROOT; };
		BCB11BCC2956606E006788EE /* Db Major1TubaAudio.mp3 */ = {isa = PBXFileReference; lastKnownFileType = audio.mp3; name = "Db Major1TubaAudio.mp3"; path = "Photos and audio editing/Updated Sounds/Db Major1TubaAudio.mp3"; sourceTree = SOURCE_ROOT; };
		BCB11BCD2956606E006788EE /* Chromatic0TubaAudio.mp3 */ = {isa = PBXFileReference; lastKnownFileType = audio.mp3; name = Chromatic0TubaAudio.mp3; path = "Photos and audio editing/Updated Sounds/Chromatic0TubaAudio.mp3"; sourceTree = SOURCE_ROOT; };
		BCB11BCE2956606E006788EE /* C Major2TubaAudioSlowed.mp3 */ = {isa = PBXFileReference; lastKnownFileType = audio.mp3; name = "C Major2TubaAudioSlowed.mp3"; path = "Photos and audio editing/Updated Sounds/C Major2TubaAudioSlowed.mp3"; sourceTree = SOURCE_ROOT; };
		BCB11BCF2956606E006788EE /* E Major2TubaAudioSlowed.mp3 */ = {isa = PBXFileReference; lastKnownFileType = audio.mp3; name = "E Major2TubaAudioSlowed.mp3"; path = "Photos and audio editing/Updated Sounds/E Major2TubaAudioSlowed.mp3"; sourceTree = SOURCE_ROOT; };
		BCB11BD02956606E006788EE /* A Major2TubaAudioSlowed.mp3 */ = {isa = PBXFileReference; lastKnownFileType = audio.mp3; name = "A Major2TubaAudioSlowed.mp3"; path = "Photos and audio editing/Updated Sounds/A Major2TubaAudioSlowed.mp3"; sourceTree = SOURCE_ROOT; };
		BCB11BD12956606E006788EE /* Db Major1TubaAudioSlowed.mp3 */ = {isa = PBXFileReference; lastKnownFileType = audio.mp3; name = "Db Major1TubaAudioSlowed.mp3"; path = "Photos and audio editing/Updated Sounds/Db Major1TubaAudioSlowed.mp3"; sourceTree = SOURCE_ROOT; };
		BCB11BD22956606E006788EE /* D Major1TubaAudioSlowed.mp3 */ = {isa = PBXFileReference; lastKnownFileType = audio.mp3; name = "D Major1TubaAudioSlowed.mp3"; path = "Photos and audio editing/Updated Sounds/D Major1TubaAudioSlowed.mp3"; sourceTree = SOURCE_ROOT; };
		BCB11BD32956606E006788EE /* G Major2TubaAudio.mp3 */ = {isa = PBXFileReference; lastKnownFileType = audio.mp3; name = "G Major2TubaAudio.mp3"; path = "Photos and audio editing/Updated Sounds/G Major2TubaAudio.mp3"; sourceTree = SOURCE_ROOT; };
		BCB11BD42956606E006788EE /* Ab Major2TubaAudioSlowed.mp3 */ = {isa = PBXFileReference; lastKnownFileType = audio.mp3; name = "Ab Major2TubaAudioSlowed.mp3"; path = "Photos and audio editing/Updated Sounds/Ab Major2TubaAudioSlowed.mp3"; sourceTree = SOURCE_ROOT; };
		BCB11BD52956606E006788EE /* Eb Major1TubaAudio.mp3 */ = {isa = PBXFileReference; lastKnownFileType = audio.mp3; name = "Eb Major1TubaAudio.mp3"; path = "Photos and audio editing/Updated Sounds/Eb Major1TubaAudio.mp3"; sourceTree = SOURCE_ROOT; };
		BCB11BD62956606E006788EE /* G Major2TubaAudioSlowed.mp3 */ = {isa = PBXFileReference; lastKnownFileType = audio.mp3; name = "G Major2TubaAudioSlowed.mp3"; path = "Photos and audio editing/Updated Sounds/G Major2TubaAudioSlowed.mp3"; sourceTree = SOURCE_ROOT; };
		BCB11BD72956606E006788EE /* Eb Major1TubaAudioSlowed.mp3 */ = {isa = PBXFileReference; lastKnownFileType = audio.mp3; name = "Eb Major1TubaAudioSlowed.mp3"; path = "Photos and audio editing/Updated Sounds/Eb Major1TubaAudioSlowed.mp3"; sourceTree = SOURCE_ROOT; };
		BCB11BD82956606E006788EE /* F# Major2TubaAudio.mp3 */ = {isa = PBXFileReference; lastKnownFileType = audio.mp3; name = "F# Major2TubaAudio.mp3"; path = "Photos and audio editing/Updated Sounds/F# Major2TubaAudio.mp3"; sourceTree = SOURCE_ROOT; };
		BCB11BD92956606E006788EE /* F Major2TubaAudio.mp3 */ = {isa = PBXFileReference; lastKnownFileType = audio.mp3; name = "F Major2TubaAudio.mp3"; path = "Photos and audio editing/Updated Sounds/F Major2TubaAudio.mp3"; sourceTree = SOURCE_ROOT; };
		BCB11BDA2956606E006788EE /* B Major2TubaAudioSlowed.mp3 */ = {isa = PBXFileReference; lastKnownFileType = audio.mp3; name = "B Major2TubaAudioSlowed.mp3"; path = "Photos and audio editing/Updated Sounds/B Major2TubaAudioSlowed.mp3"; sourceTree = SOURCE_ROOT; };
		BCB11BDB2956606E006788EE /* C Major2TubaAudio.mp3 */ = {isa = PBXFileReference; lastKnownFileType = audio.mp3; name = "C Major2TubaAudio.mp3"; path = "Photos and audio editing/Updated Sounds/C Major2TubaAudio.mp3"; sourceTree = SOURCE_ROOT; };
		BCB11BDC2956606E006788EE /* E Major2TubaAudio.mp3 */ = {isa = PBXFileReference; lastKnownFileType = audio.mp3; name = "E Major2TubaAudio.mp3"; path = "Photos and audio editing/Updated Sounds/E Major2TubaAudio.mp3"; sourceTree = SOURCE_ROOT; };
		BCB11BDD2956606E006788EE /* F# Major2TubaAudioSlowed.mp3 */ = {isa = PBXFileReference; lastKnownFileType = audio.mp3; name = "F# Major2TubaAudioSlowed.mp3"; path = "Photos and audio editing/Updated Sounds/F# Major2TubaAudioSlowed.mp3"; sourceTree = SOURCE_ROOT; };
		BCB11BDE2956606E006788EE /* Chromatic0TubaAudioSlowed.mp3 */ = {isa = PBXFileReference; lastKnownFileType = audio.mp3; name = Chromatic0TubaAudioSlowed.mp3; path = "Photos and audio editing/Updated Sounds/Chromatic0TubaAudioSlowed.mp3"; sourceTree = SOURCE_ROOT; };
		BCB11BDF2956606E006788EE /* A Major2TubaAudio.mp3 */ = {isa = PBXFileReference; lastKnownFileType = audio.mp3; name = "A Major2TubaAudio.mp3"; path = "Photos and audio editing/Updated Sounds/A Major2TubaAudio.mp3"; sourceTree = SOURCE_ROOT; };
		BCB11BFC29578C83006788EE /* ScaleWithMarking.swift */ = {isa = PBXFileReference; lastKnownFileType = sourcecode.swift; path = ScaleWithMarking.swift; sourceTree = "<group>"; };
		BCC19E70294E93EC002F0A2C /* Settings.swift */ = {isa = PBXFileReference; lastKnownFileType = sourcecode.swift; path = Settings.swift; sourceTree = "<group>"; };
		BCC19E72294E93F4002F0A2C /* Main.swift */ = {isa = PBXFileReference; lastKnownFileType = sourcecode.swift; path = Main.swift; sourceTree = "<group>"; };
		BCC19E74294E98D7002F0A2C /* Storage.swift */ = {isa = PBXFileReference; lastKnownFileType = sourcecode.swift; path = Storage.swift; sourceTree = "<group>"; };
		BCC19E76294EAE03002F0A2C /* InstrumentChooser.swift */ = {isa = PBXFileReference; lastKnownFileType = sourcecode.swift; path = InstrumentChooser.swift; sourceTree = "<group>"; };
		BCC19E7D294EDA8F002F0A2C /* ScaleViewer.swift */ = {isa = PBXFileReference; lastKnownFileType = sourcecode.swift; path = ScaleViewer.swift; sourceTree = "<group>"; };
		BCC19EA2294F903A002F0A2C /* ScaleSelectionList.swift */ = {isa = PBXFileReference; lastKnownFileType = sourcecode.swift; path = ScaleSelectionList.swift; sourceTree = "<group>"; };
		BCC19EA4294FA390002F0A2C /* Scale View.swift */ = {isa = PBXFileReference; lastKnownFileType = sourcecode.swift; path = "Scale View.swift"; sourceTree = "<group>"; };
		BCC19EAB294FC6A5002F0A2C /* Whoosh.m4a */ = {isa = PBXFileReference; lastKnownFileType = file; path = Whoosh.m4a; sourceTree = "<group>"; };
		BCC19EB22950E7D3002F0A2C /* ScaleViewerDetailView.swift */ = {isa = PBXFileReference; lastKnownFileType = sourcecode.swift; path = ScaleViewerDetailView.swift; sourceTree = "<group>"; };
		BCF5A09F29E381150087E6AB /* G Major2Baritone B.C.AudioSlowed.mp3 */ = {isa = PBXFileReference; lastKnownFileType = audio.mp3; name = "G Major2Baritone B.C.AudioSlowed.mp3"; path = "Photos and audio editing/Updated Sounds/Baritone Sounds/Real Files/G Major2Baritone B.C.AudioSlowed.mp3"; sourceTree = SOURCE_ROOT; };
/* End PBXFileReference section */

/* Begin PBXFrameworksBuildPhase section */
		BC99DDB3294E50AA00AB5AF0 /* Frameworks */ = {
			isa = PBXFrameworksBuildPhase;
			buildActionMask = 2147483647;
			files = (
			);
			runOnlyForDeploymentPostprocessing = 0;
		};
/* End PBXFrameworksBuildPhase section */

/* Begin PBXGroup section */
		BC57A1B92965420E0007ACAF /* Bass Trombone */ = {
			isa = PBXGroup;
			children = (
				BC57A18C296542020007ACAF /* A Major2Bass TromboneAudio.mp3 */,
				BC57A198296542020007ACAF /* A Major2Bass TromboneAudioSlowed.mp3 */,
				BC57A192296542020007ACAF /* Ab Major2Bass TromboneAudio.mp3 */,
				BC57A19E296542020007ACAF /* Ab Major2Bass TromboneAudioSlowed.mp3 */,
				BC57A190296542020007ACAF /* B Major2Bass TromboneAudio.mp3 */,
				BC57A199296542020007ACAF /* B Major2Bass TromboneAudioSlowed.mp3 */,
				BC57A191296542020007ACAF /* Bb Major2Bass TromboneAudio.mp3 */,
				BC57A185296542020007ACAF /* Bb Major2Bass TromboneAudioSlowed.mp3 */,
				BC57A18B296542020007ACAF /* C Major2Bass TromboneAudio.mp3 */,
				BC57A197296542020007ACAF /* C Major2Bass TromboneAudioSlowed.mp3 */,
				BC57A18A296542020007ACAF /* Chromatic0Bass TromboneAudio.mp3 */,
				BC57A187296542020007ACAF /* Chromatic0Bass TromboneAudioSlowed.mp3 */,
				BC57A18D296542020007ACAF /* D Major2Bass TromboneAudio.mp3 */,
				BC57A19A296542020007ACAF /* D Major2Bass TromboneAudioSlowed.mp3 */,
				BC57A186296542020007ACAF /* Db Major2Bass TromboneAudioSlowed.mp3 */,
				BC57A196296542020007ACAF /* Db Major2Bass TromboneAudio.mp3 */,
				BC57A18E296542020007ACAF /* E Major2Bass TromboneAudio.mp3 */,
				BC57A19B296542020007ACAF /* E Major2Bass TromboneAudioSlowed.mp3 */,
				BC57A193296542020007ACAF /* Eb Major2Bass TromboneAudio.mp3 */,
				BC57A188296542020007ACAF /* Eb Major2Bass TromboneAudioSlowed.mp3 */,
				BC57A18F296542020007ACAF /* F Major2Bass TromboneAudio.mp3 */,
				BC57A19C296542020007ACAF /* F Major2Bass TromboneAudioSlowed.mp3 */,
				BC57A189296542020007ACAF /* F# Major2Bass TromboneAudio.mp3 */,
				BC57A195296542020007ACAF /* F# Major2Bass TromboneAudioSlowed.mp3 */,
				BC57A194296542020007ACAF /* G Major2Bass TromboneAudio.mp3 */,
				BC57A19D296542020007ACAF /* G Major2Bass TromboneAudioSlowed.mp3 */,
			);
			path = "Bass Trombone";
			sourceTree = "<group>";
		};
		BC8AB668295E3CB700023D60 /* Baritone B.C. AND Trombone */ = {
			isa = PBXGroup;
			children = (
				BC8AB671295E3CCD00023D60 /* A Major2Baritone B.C.Audio.mp3 */,
				BC8AB67E295E3CCD00023D60 /* A Major2Baritone B.C.AudioSlowed.mp3 */,
				BC8AB67B295E3CCD00023D60 /* Ab Major2Baritone B.C.Audio.mp3 */,
				BC8AB66B295E3CCC00023D60 /* Ab Major2Baritone B.C.AudioSlowed.mp3 */,
				BC8AB670295E3CCD00023D60 /* B Major2Baritone B.C.Audio.mp3 */,
				BC8AB67D295E3CCD00023D60 /* B Major2Baritone B.C.AudioSlowed.mp3 */,
				BC8AB67C295E3CCD00023D60 /* Bb Major2Baritone B.C.Audio.mp3 */,
				BC8AB66C295E3CCC00023D60 /* Bb Major2Baritone B.C.AudioSlowed.mp3 */,
				BC8AB66F295E3CCD00023D60 /* C Major2Baritone B.C.Audio.mp3 */,
				BC8AB67F295E3CCD00023D60 /* C Major2Baritone B.C.AudioSlowed.mp3 */,
				BC8AB67A295E3CCD00023D60 /* Chromatic0Baritone B.C.Audio.mp3 */,
				BC8AB679295E3CCD00023D60 /* Chromatic0Baritone B.C.AudioSlowed.mp3 */,
				BC8AB682295E3CCD00023D60 /* D Major1Baritone B.C.Audio.mp3 */,
				BC8AB66E295E3CCD00023D60 /* D Major1Baritone B.C.AudioSlowed.mp3 */,
				BC8AB669295E3CCC00023D60 /* Db Major1Baritone B.C.Audio.mp3 */,
				BC8AB675295E3CCD00023D60 /* Db Major1Baritone B.C.AudioSlowed.mp3 */,
				BC8AB672295E3CCD00023D60 /* E Major2Baritone B.C.Audio.mp3 */,
				BC8AB680295E3CCD00023D60 /* E Major2Baritone B.C.AudioSlowed.mp3 */,
				BC8AB66A295E3CCC00023D60 /* Eb Major1Baritone B.C.Audio.mp3 */,
				BCF5A09F29E381150087E6AB /* G Major2Baritone B.C.AudioSlowed.mp3 */,
				BC8AB676295E3CCD00023D60 /* Eb Major1Baritone B.C.AudioSlowed.mp3 */,
				BC8AB673295E3CCD00023D60 /* F Major2Baritone B.C.Audio.mp3 */,
				BC8AB681295E3CCD00023D60 /* F Major2Baritone B.C.AudioSlowed.mp3 */,
				BC8AB674295E3CCD00023D60 /* G Major2Baritone B.C.Audio.mp3 */,
				BC57A1812960F0940007ACAF /* F# Major2Baritone B.C.Audio.mp3 */,
				BC57A1822960F0940007ACAF /* F# Major2Baritone B.C.AudioSlowed.mp3 */,
			);
			path = "Baritone B.C. AND Trombone";
			sourceTree = "<group>";
		};
		BC99DDAD294E50AA00AB5AF0 = {
			isa = PBXGroup;
			children = (
				BC99DDB8294E50AA00AB5AF0 /* Scale Master */,
				BC99DDB7294E50AA00AB5AF0 /* Products */,
			);
			sourceTree = "<group>";
		};
		BC99DDB7294E50AA00AB5AF0 /* Products */ = {
			isa = PBXGroup;
			children = (
				BC99DDB6294E50AA00AB5AF0 /* Scale Master.app */,
			);
			name = Products;
			sourceTree = "<group>";
		};
		BC99DDB8294E50AA00AB5AF0 /* Scale Master */ = {
			isa = PBXGroup;
			children = (
				BC8AB65F295CA4C700023D60 /* Info.plist */,
				BC99DDB9294E50AA00AB5AF0 /* ScaleMasterApp.swift */,
				BC99DDBB294E50AA00AB5AF0 /* ContentView.swift */,
				BCC19E7D294EDA8F002F0A2C /* ScaleViewer.swift */,
				BCC19EB22950E7D3002F0A2C /* ScaleViewerDetailView.swift */,
				BCC19EA2294F903A002F0A2C /* ScaleSelectionList.swift */,
				BC5046EB29561D83006330D6 /* ScaleViewerWithNoteMarkings.swift */,
				BC53CD442957FDFD0008EC5F /* LearnScale.swift */,
				BCB11BFC29578C83006788EE /* ScaleWithMarking.swift */,
				BCC19E74294E98D7002F0A2C /* Storage.swift */,
				BCC19E70294E93EC002F0A2C /* Settings.swift */,
				BCC19E76294EAE03002F0A2C /* InstrumentChooser.swift */,
				BCC19E72294E93F4002F0A2C /* Main.swift */,
				BCC19EA4294FA390002F0A2C /* Scale View.swift */,
				BC8AB664295CB84300023D60 /* Assets.xcassets */,
				BC8AB666295CB92700023D60 /* Scale Master.entitlements */,
				BCC19EA8294FBE16002F0A2C /* Sounds */,
				BC99DDC0294E50AB00AB5AF0 /* Preview Content */,
			);
			path = "Scale Master";
			sourceTree = "<group>";
		};
		BC99DDC0294E50AB00AB5AF0 /* Preview Content */ = {
			isa = PBXGroup;
			children = (
				BC99DDC1294E50AB00AB5AF0 /* Preview Assets.xcassets */,
			);
			path = "Preview Content";
			sourceTree = "<group>";
		};
		BCC19EA8294FBE16002F0A2C /* Sounds */ = {
			isa = PBXGroup;
			children = (
				BC57A1B92965420E0007ACAF /* Bass Trombone */,
				BC8AB668295E3CB700023D60 /* Baritone B.C. AND Trombone */,
				BCC19EAF294FFD5A002F0A2C /* Tuba AND Bass Trombone */,
				BCC19EAB294FC6A5002F0A2C /* Whoosh.m4a */,
			);
			path = Sounds;
			sourceTree = "<group>";
		};
		BCC19EAF294FFD5A002F0A2C /* Tuba AND Bass Trombone */ = {
			isa = PBXGroup;
			children = (
				BCB11BDF2956606E006788EE /* A Major2TubaAudio.mp3 */,
				BCB11BD02956606E006788EE /* A Major2TubaAudioSlowed.mp3 */,
				BCB11BC82956606E006788EE /* Ab Major2TubaAudio.mp3 */,
				BCB11BD42956606E006788EE /* Ab Major2TubaAudioSlowed.mp3 */,
				BCB11BC72956606E006788EE /* B Major2TubaAudio.mp3 */,
				BCB11BDA2956606E006788EE /* B Major2TubaAudioSlowed.mp3 */,
				BCB11BC62956606E006788EE /* Bb Major2TubaAudio.mp3 */,
				BCB11BCA2956606E006788EE /* Bb Major2TubaAudioSlowed.mp3 */,
				BCB11BDB2956606E006788EE /* C Major2TubaAudio.mp3 */,
				BCB11BCE2956606E006788EE /* C Major2TubaAudioSlowed.mp3 */,
				BCB11BCD2956606E006788EE /* Chromatic0TubaAudio.mp3 */,
				BCB11BDE2956606E006788EE /* Chromatic0TubaAudioSlowed.mp3 */,
				BCB11BCB2956606E006788EE /* D Major1TubaAudio.mp3 */,
				BCB11BD22956606E006788EE /* D Major1TubaAudioSlowed.mp3 */,
				BCB11BCC2956606E006788EE /* Db Major1TubaAudio.mp3 */,
				BCB11BD12956606E006788EE /* Db Major1TubaAudioSlowed.mp3 */,
				BCB11BDC2956606E006788EE /* E Major2TubaAudio.mp3 */,
				BCB11BCF2956606E006788EE /* E Major2TubaAudioSlowed.mp3 */,
				BCB11BD52956606E006788EE /* Eb Major1TubaAudio.mp3 */,
				BCB11BD72956606E006788EE /* Eb Major1TubaAudioSlowed.mp3 */,
				BCB11BD92956606E006788EE /* F Major2TubaAudio.mp3 */,
				BCB11BC92956606E006788EE /* F Major2TubaAudioSlowed.mp3 */,
				BCB11BD82956606E006788EE /* F# Major2TubaAudio.mp3 */,
				BCB11BDD2956606E006788EE /* F# Major2TubaAudioSlowed.mp3 */,
				BCB11BD32956606E006788EE /* G Major2TubaAudio.mp3 */,
				BCB11BD62956606E006788EE /* G Major2TubaAudioSlowed.mp3 */,
			);
			path = "Tuba AND Bass Trombone";
			sourceTree = "<group>";
		};
/* End PBXGroup section */

/* Begin PBXNativeTarget section */
		BC99DDB5294E50AA00AB5AF0 /* Scale Master */ = {
			isa = PBXNativeTarget;
			buildConfigurationList = BC99DDC5294E50AB00AB5AF0 /* Build configuration list for PBXNativeTarget "Scale Master" */;
			buildPhases = (
				BC99DDB2294E50AA00AB5AF0 /* Sources */,
				BC99DDB3294E50AA00AB5AF0 /* Frameworks */,
				BC99DDB4294E50AA00AB5AF0 /* Resources */,
			);
			buildRules = (
			);
			dependencies = (
			);
			name = "Scale Master";
			productName = ScaleMaster;
			productReference = BC99DDB6294E50AA00AB5AF0 /* Scale Master.app */;
			productType = "com.apple.product-type.application";
		};
/* End PBXNativeTarget section */

/* Begin PBXProject section */
		BC99DDAE294E50AA00AB5AF0 /* Project object */ = {
			isa = PBXProject;
			attributes = {
				BuildIndependentTargetsInParallel = 1;
				LastSwiftUpdateCheck = 1420;
				LastUpgradeCheck = 1420;
				TargetAttributes = {
					BC99DDB5294E50AA00AB5AF0 = {
						CreatedOnToolsVersion = 14.2;
					};
				};
			};
			buildConfigurationList = BC99DDB1294E50AA00AB5AF0 /* Build configuration list for PBXProject "Scale Master" */;
			compatibilityVersion = "Xcode 14.0";
			developmentRegion = en;
			hasScannedForEncodings = 0;
			knownRegions = (
				en,
				Base,
			);
			mainGroup = BC99DDAD294E50AA00AB5AF0;
			productRefGroup = BC99DDB7294E50AA00AB5AF0 /* Products */;
			projectDirPath = "";
			projectRoot = "";
			targets = (
				BC99DDB5294E50AA00AB5AF0 /* Scale Master */,
			);
		};
/* End PBXProject section */

/* Begin PBXResourcesBuildPhase section */
		BC99DDB4294E50AA00AB5AF0 /* Resources */ = {
			isa = PBXResourcesBuildPhase;
			buildActionMask = 2147483647;
			files = (
				BCF5A0A029E381150087E6AB /* G Major2Baritone B.C.AudioSlowed.mp3 in Resources */,
				BC57A1AC296542020007ACAF /* Ab Major2Bass TromboneAudio.mp3 in Resources */,
				BCB11BED2956606E006788EE /* G Major2TubaAudio.mp3 in Resources */,
				BCB11BE72956606E006788EE /* Chromatic0TubaAudio.mp3 in Resources */,
				BC57A1B7296542020007ACAF /* G Major2Bass TromboneAudioSlowed.mp3 in Resources */,
				BCB11BF42956606E006788EE /* B Major2TubaAudioSlowed.mp3 in Resources */,
				BC8AB68A295E3CCD00023D60 /* B Major2Baritone B.C.Audio.mp3 in Resources */,
				BC8AB69A295E3CCD00023D60 /* E Major2Baritone B.C.AudioSlowed.mp3 in Resources */,
				BCB11BE62956606E006788EE /* Db Major1TubaAudio.mp3 in Resources */,
				BC8AB665295CB84300023D60 /* Assets.xcassets in Resources */,
				BCB11BF02956606E006788EE /* G Major2TubaAudioSlowed.mp3 in Resources */,
				BC57A1B3296542020007ACAF /* B Major2Bass TromboneAudioSlowed.mp3 in Resources */,
				BC57A1B6296542020007ACAF /* F Major2Bass TromboneAudioSlowed.mp3 in Resources */,
				BC8AB696295E3CCD00023D60 /* Bb Major2Baritone B.C.Audio.mp3 in Resources */,
				BC8AB685295E3CCD00023D60 /* Ab Major2Baritone B.C.AudioSlowed.mp3 in Resources */,
				BCB11BF32956606E006788EE /* F Major2TubaAudio.mp3 in Resources */,
				BCB11BF52956606E006788EE /* C Major2TubaAudio.mp3 in Resources */,
				BC57A1AD296542020007ACAF /* Eb Major2Bass TromboneAudio.mp3 in Resources */,
				BCB11BF92956606E006788EE /* A Major2TubaAudio.mp3 in Resources */,
				BC57A1A9296542020007ACAF /* F Major2Bass TromboneAudio.mp3 in Resources */,
				BC57A1A8296542020007ACAF /* E Major2Bass TromboneAudio.mp3 in Resources */,
				BC8AB688295E3CCD00023D60 /* D Major1Baritone B.C.AudioSlowed.mp3 in Resources */,
				BCB11BE32956606E006788EE /* F Major2TubaAudioSlowed.mp3 in Resources */,
				BCB11BEE2956606E006788EE /* Ab Major2TubaAudioSlowed.mp3 in Resources */,
				BC57A1A3296542020007ACAF /* F# Major2Bass TromboneAudio.mp3 in Resources */,
				BCB11BEF2956606E006788EE /* Eb Major1TubaAudio.mp3 in Resources */,
				BC8AB69C295E3CCD00023D60 /* D Major1Baritone B.C.Audio.mp3 in Resources */,
				BC8AB68C295E3CCD00023D60 /* E Major2Baritone B.C.Audio.mp3 in Resources */,
				BC8AB69B295E3CCD00023D60 /* F Major2Baritone B.C.AudioSlowed.mp3 in Resources */,
				BCB11BF72956606E006788EE /* F# Major2TubaAudioSlowed.mp3 in Resources */,
				BC57A19F296542020007ACAF /* Bb Major2Bass TromboneAudioSlowed.mp3 in Resources */,
				BC57A1B4296542020007ACAF /* D Major2Bass TromboneAudioSlowed.mp3 in Resources */,
				BC8AB695295E3CCD00023D60 /* Ab Major2Baritone B.C.Audio.mp3 in Resources */,
				BC57A1B8296542020007ACAF /* Ab Major2Bass TromboneAudioSlowed.mp3 in Resources */,
				BC57A1A7296542020007ACAF /* D Major2Bass TromboneAudio.mp3 in Resources */,
				BC57A1B2296542020007ACAF /* A Major2Bass TromboneAudioSlowed.mp3 in Resources */,
				BCB11BF12956606E006788EE /* Eb Major1TubaAudioSlowed.mp3 in Resources */,
				BC57A1B1296542020007ACAF /* C Major2Bass TromboneAudioSlowed.mp3 in Resources */,
				BC57A1A6296542020007ACAF /* A Major2Bass TromboneAudio.mp3 in Resources */,
				BC8AB698295E3CCD00023D60 /* A Major2Baritone B.C.AudioSlowed.mp3 in Resources */,
				BC57A1A4296542020007ACAF /* Chromatic0Bass TromboneAudio.mp3 in Resources */,
				BC57A1AE296542020007ACAF /* G Major2Bass TromboneAudio.mp3 in Resources */,
				BCB11BF22956606E006788EE /* F# Major2TubaAudio.mp3 in Resources */,
				BCB11BEC2956606E006788EE /* D Major1TubaAudioSlowed.mp3 in Resources */,
				BC57A1B5296542020007ACAF /* E Major2Bass TromboneAudioSlowed.mp3 in Resources */,
				BC57A1832960F0940007ACAF /* F# Major2Baritone B.C.Audio.mp3 in Resources */,
				BCB11BF62956606E006788EE /* E Major2TubaAudio.mp3 in Resources */,
				BCB11BE22956606E006788EE /* Ab Major2TubaAudio.mp3 in Resources */,
				BC8AB694295E3CCD00023D60 /* Chromatic0Baritone B.C.Audio.mp3 in Resources */,
				BC8AB689295E3CCD00023D60 /* C Major2Baritone B.C.Audio.mp3 in Resources */,
				BC8AB68B295E3CCD00023D60 /* A Major2Baritone B.C.Audio.mp3 in Resources */,
				BC99DDC2294E50AB00AB5AF0 /* Preview Assets.xcassets in Resources */,
				BCB11BE52956606E006788EE /* D Major1TubaAudio.mp3 in Resources */,
				BCB11BE02956606E006788EE /* Bb Major2TubaAudio.mp3 in Resources */,
				BC8AB68D295E3CCD00023D60 /* F Major2Baritone B.C.Audio.mp3 in Resources */,
				BC57A1B0296542020007ACAF /* Db Major2Bass TromboneAudio.mp3 in Resources */,
				BCB11BEB2956606E006788EE /* Db Major1TubaAudioSlowed.mp3 in Resources */,
				BC57A1A2296542020007ACAF /* Eb Major2Bass TromboneAudioSlowed.mp3 in Resources */,
				BC8AB684295E3CCD00023D60 /* Eb Major1Baritone B.C.Audio.mp3 in Resources */,
				BC57A1842960F0940007ACAF /* F# Major2Baritone B.C.AudioSlowed.mp3 in Resources */,
				BC8AB68E295E3CCD00023D60 /* G Major2Baritone B.C.Audio.mp3 in Resources */,
				BC8AB68F295E3CCD00023D60 /* Db Major1Baritone B.C.AudioSlowed.mp3 in Resources */,
				BCB11BE92956606E006788EE /* E Major2TubaAudioSlowed.mp3 in Resources */,
				BCB11BF82956606E006788EE /* Chromatic0TubaAudioSlowed.mp3 in Resources */,
				BC57A1A5296542020007ACAF /* C Major2Bass TromboneAudio.mp3 in Resources */,
				BCB11BE12956606E006788EE /* B Major2TubaAudio.mp3 in Resources */,
				BC57A1A1296542020007ACAF /* Chromatic0Bass TromboneAudioSlowed.mp3 in Resources */,
				BC8AB699295E3CCD00023D60 /* C Major2Baritone B.C.AudioSlowed.mp3 in Resources */,
				BCB11BE42956606E006788EE /* Bb Major2TubaAudioSlowed.mp3 in Resources */,
				BC8AB683295E3CCD00023D60 /* Db Major1Baritone B.C.Audio.mp3 in Resources */,
				BC8AB690295E3CCD00023D60 /* Eb Major1Baritone B.C.AudioSlowed.mp3 in Resources */,
				BC57A1AB296542020007ACAF /* Bb Major2Bass TromboneAudio.mp3 in Resources */,
				BC57A1AF296542020007ACAF /* F# Major2Bass TromboneAudioSlowed.mp3 in Resources */,
				BC8AB697295E3CCD00023D60 /* B Major2Baritone B.C.AudioSlowed.mp3 in Resources */,
				BCC19EAC294FC6A5002F0A2C /* Whoosh.m4a in Resources */,
				BC57A1AA296542020007ACAF /* B Major2Bass TromboneAudio.mp3 in Resources */,
				BC57A1A0296542020007ACAF /* Db Major2Bass TromboneAudioSlowed.mp3 in Resources */,
				BCB11BE82956606E006788EE /* C Major2TubaAudioSlowed.mp3 in Resources */,
				BC8AB686295E3CCD00023D60 /* Bb Major2Baritone B.C.AudioSlowed.mp3 in Resources */,
				BCB11BEA2956606E006788EE /* A Major2TubaAudioSlowed.mp3 in Resources */,
				BC8AB693295E3CCD00023D60 /* Chromatic0Baritone B.C.AudioSlowed.mp3 in Resources */,
			);
			runOnlyForDeploymentPostprocessing = 0;
		};
/* End PBXResourcesBuildPhase section */

/* Begin PBXSourcesBuildPhase section */
		BC99DDB2294E50AA00AB5AF0 /* Sources */ = {
			isa = PBXSourcesBuildPhase;
			buildActionMask = 2147483647;
			files = (
				BC53CD452957FDFD0008EC5F /* LearnScale.swift in Sources */,
				BCC19E71294E93EC002F0A2C /* Settings.swift in Sources */,
				BCC19EA5294FA390002F0A2C /* Scale View.swift in Sources */,
				BCB11BFD29578C83006788EE /* ScaleWithMarking.swift in Sources */,
				BCC19E7E294EDA8F002F0A2C /* ScaleViewer.swift in Sources */,
				BC99DDBC294E50AA00AB5AF0 /* ContentView.swift in Sources */,
				BCC19E77294EAE03002F0A2C /* InstrumentChooser.swift in Sources */,
				BCC19E73294E93F4002F0A2C /* Main.swift in Sources */,
				BCC19EA3294F903A002F0A2C /* ScaleSelectionList.swift in Sources */,
				BC5046EC29561D83006330D6 /* ScaleViewerWithNoteMarkings.swift in Sources */,
				BC99DDBA294E50AA00AB5AF0 /* ScaleMasterApp.swift in Sources */,
				BCC19EB32950E7D3002F0A2C /* ScaleViewerDetailView.swift in Sources */,
				BCC19E75294E98D7002F0A2C /* Storage.swift in Sources */,
			);
			runOnlyForDeploymentPostprocessing = 0;
		};
/* End PBXSourcesBuildPhase section */

/* Begin XCBuildConfiguration section */
		BC99DDC3294E50AB00AB5AF0 /* Debug */ = {
			isa = XCBuildConfiguration;
			buildSettings = {
				ALWAYS_SEARCH_USER_PATHS = NO;
				CLANG_ANALYZER_NONNULL = YES;
				CLANG_ANALYZER_NUMBER_OBJECT_CONVERSION = YES_AGGRESSIVE;
				CLANG_CXX_LANGUAGE_STANDARD = "gnu++20";
				CLANG_ENABLE_MODULES = YES;
				CLANG_ENABLE_OBJC_ARC = YES;
				CLANG_ENABLE_OBJC_WEAK = YES;
				CLANG_WARN_BLOCK_CAPTURE_AUTORELEASING = YES;
				CLANG_WARN_BOOL_CONVERSION = YES;
				CLANG_WARN_COMMA = YES;
				CLANG_WARN_CONSTANT_CONVERSION = YES;
				CLANG_WARN_DEPRECATED_OBJC_IMPLEMENTATIONS = YES;
				CLANG_WARN_DIRECT_OBJC_ISA_USAGE = YES_ERROR;
				CLANG_WARN_DOCUMENTATION_COMMENTS = YES;
				CLANG_WARN_EMPTY_BODY = YES;
				CLANG_WARN_ENUM_CONVERSION = YES;
				CLANG_WARN_INFINITE_RECURSION = YES;
				CLANG_WARN_INT_CONVERSION = YES;
				CLANG_WARN_NON_LITERAL_NULL_CONVERSION = YES;
				CLANG_WARN_OBJC_IMPLICIT_RETAIN_SELF = YES;
				CLANG_WARN_OBJC_LITERAL_CONVERSION = YES;
				CLANG_WARN_OBJC_ROOT_CLASS = YES_ERROR;
				CLANG_WARN_QUOTED_INCLUDE_IN_FRAMEWORK_HEADER = YES;
				CLANG_WARN_RANGE_LOOP_ANALYSIS = YES;
				CLANG_WARN_STRICT_PROTOTYPES = YES;
				CLANG_WARN_SUSPICIOUS_MOVE = YES;
				CLANG_WARN_UNGUARDED_AVAILABILITY = YES_AGGRESSIVE;
				CLANG_WARN_UNREACHABLE_CODE = YES;
				CLANG_WARN__DUPLICATE_METHOD_MATCH = YES;
				COPY_PHASE_STRIP = NO;
				DEBUG_INFORMATION_FORMAT = dwarf;
				ENABLE_STRICT_OBJC_MSGSEND = YES;
				ENABLE_TESTABILITY = YES;
				GCC_C_LANGUAGE_STANDARD = gnu11;
				GCC_DYNAMIC_NO_PIC = NO;
				GCC_NO_COMMON_BLOCKS = YES;
				GCC_OPTIMIZATION_LEVEL = 0;
				GCC_PREPROCESSOR_DEFINITIONS = (
					"DEBUG=1",
					"$(inherited)",
				);
				GCC_WARN_64_TO_32_BIT_CONVERSION = YES;
				GCC_WARN_ABOUT_RETURN_TYPE = YES_ERROR;
				GCC_WARN_UNDECLARED_SELECTOR = YES;
				GCC_WARN_UNINITIALIZED_AUTOS = YES_AGGRESSIVE;
				GCC_WARN_UNUSED_FUNCTION = YES;
				GCC_WARN_UNUSED_VARIABLE = YES;
				MTL_ENABLE_DEBUG_INFO = INCLUDE_SOURCE;
				MTL_FAST_MATH = YES;
				ONLY_ACTIVE_ARCH = YES;
				SWIFT_ACTIVE_COMPILATION_CONDITIONS = DEBUG;
				SWIFT_OPTIMIZATION_LEVEL = "-Onone";
			};
			name = Debug;
		};
		BC99DDC4294E50AB00AB5AF0 /* Release */ = {
			isa = XCBuildConfiguration;
			buildSettings = {
				ALWAYS_SEARCH_USER_PATHS = NO;
				CLANG_ANALYZER_NONNULL = YES;
				CLANG_ANALYZER_NUMBER_OBJECT_CONVERSION = YES_AGGRESSIVE;
				CLANG_CXX_LANGUAGE_STANDARD = "gnu++20";
				CLANG_ENABLE_MODULES = YES;
				CLANG_ENABLE_OBJC_ARC = YES;
				CLANG_ENABLE_OBJC_WEAK = YES;
				CLANG_WARN_BLOCK_CAPTURE_AUTORELEASING = YES;
				CLANG_WARN_BOOL_CONVERSION = YES;
				CLANG_WARN_COMMA = YES;
				CLANG_WARN_CONSTANT_CONVERSION = YES;
				CLANG_WARN_DEPRECATED_OBJC_IMPLEMENTATIONS = YES;
				CLANG_WARN_DIRECT_OBJC_ISA_USAGE = YES_ERROR;
				CLANG_WARN_DOCUMENTATION_COMMENTS = YES;
				CLANG_WARN_EMPTY_BODY = YES;
				CLANG_WARN_ENUM_CONVERSION = YES;
				CLANG_WARN_INFINITE_RECURSION = YES;
				CLANG_WARN_INT_CONVERSION = YES;
				CLANG_WARN_NON_LITERAL_NULL_CONVERSION = YES;
				CLANG_WARN_OBJC_IMPLICIT_RETAIN_SELF = YES;
				CLANG_WARN_OBJC_LITERAL_CONVERSION = YES;
				CLANG_WARN_OBJC_ROOT_CLASS = YES_ERROR;
				CLANG_WARN_QUOTED_INCLUDE_IN_FRAMEWORK_HEADER = YES;
				CLANG_WARN_RANGE_LOOP_ANALYSIS = YES;
				CLANG_WARN_STRICT_PROTOTYPES = YES;
				CLANG_WARN_SUSPICIOUS_MOVE = YES;
				CLANG_WARN_UNGUARDED_AVAILABILITY = YES_AGGRESSIVE;
				CLANG_WARN_UNREACHABLE_CODE = YES;
				CLANG_WARN__DUPLICATE_METHOD_MATCH = YES;
				COPY_PHASE_STRIP = NO;
				DEBUG_INFORMATION_FORMAT = "dwarf-with-dsym";
				ENABLE_NS_ASSERTIONS = NO;
				ENABLE_STRICT_OBJC_MSGSEND = YES;
				GCC_C_LANGUAGE_STANDARD = gnu11;
				GCC_NO_COMMON_BLOCKS = YES;
				GCC_WARN_64_TO_32_BIT_CONVERSION = YES;
				GCC_WARN_ABOUT_RETURN_TYPE = YES_ERROR;
				GCC_WARN_UNDECLARED_SELECTOR = YES;
				GCC_WARN_UNINITIALIZED_AUTOS = YES_AGGRESSIVE;
				GCC_WARN_UNUSED_FUNCTION = YES;
				GCC_WARN_UNUSED_VARIABLE = YES;
				MTL_ENABLE_DEBUG_INFO = NO;
				MTL_FAST_MATH = YES;
				SWIFT_COMPILATION_MODE = wholemodule;
				SWIFT_OPTIMIZATION_LEVEL = "-O";
			};
			name = Release;
		};
		BC99DDC6294E50AB00AB5AF0 /* Debug */ = {
			isa = XCBuildConfiguration;
			buildSettings = {
				ASSETCATALOG_COMPILER_APPICON_NAME = AppIcon;
				ASSETCATALOG_COMPILER_GLOBAL_ACCENT_COLOR_NAME = AccentColor;
				CODE_SIGN_ENTITLEMENTS = "Scale Master/Scale Master.entitlements";
				"CODE_SIGN_IDENTITY[sdk=macosx*]" = "Apple Development";
				CODE_SIGN_STYLE = Automatic;
				CURRENT_PROJECT_VERSION = 1;
				DEVELOPMENT_ASSET_PATHS = "\"Scale Master/Preview Content\"";
				DEVELOPMENT_TEAM = K5ZKPZ2Y2S;
				ENABLE_HARDENED_RUNTIME = YES;
				ENABLE_PREVIEWS = YES;
				GENERATE_INFOPLIST_FILE = YES;
				INFOPLIST_FILE = "Scale Master/Info.plist";
				"INFOPLIST_KEY_UIApplicationSceneManifest_Generation[sdk=iphoneos*]" = YES;
				"INFOPLIST_KEY_UIApplicationSceneManifest_Generation[sdk=iphonesimulator*]" = YES;
				"INFOPLIST_KEY_UIApplicationSupportsIndirectInputEvents[sdk=iphoneos*]" = YES;
				"INFOPLIST_KEY_UIApplicationSupportsIndirectInputEvents[sdk=iphonesimulator*]" = YES;
				"INFOPLIST_KEY_UILaunchScreen_Generation[sdk=iphoneos*]" = YES;
				"INFOPLIST_KEY_UILaunchScreen_Generation[sdk=iphonesimulator*]" = YES;
				"INFOPLIST_KEY_UIStatusBarStyle[sdk=iphoneos*]" = UIStatusBarStyleDefault;
				"INFOPLIST_KEY_UIStatusBarStyle[sdk=iphonesimulator*]" = UIStatusBarStyleDefault;
				INFOPLIST_KEY_UISupportedInterfaceOrientations = "UIInterfaceOrientationLandscapeLeft UIInterfaceOrientationLandscapeRight";
				INFOPLIST_KEY_UISupportedInterfaceOrientations_iPad = "UIInterfaceOrientationLandscapeLeft UIInterfaceOrientationLandscapeRight UIInterfaceOrientationPortrait UIInterfaceOrientationPortraitUpsideDown";
				INFOPLIST_KEY_UIUserInterfaceStyle = Light;
				IPHONEOS_DEPLOYMENT_TARGET = 16.0;
				LD_RUNPATH_SEARCH_PATHS = "@executable_path/Frameworks";
				"LD_RUNPATH_SEARCH_PATHS[sdk=macosx*]" = "@executable_path/../Frameworks";
				MACOSX_DEPLOYMENT_TARGET = 13.0;
				MARKETING_VERSION = 1.0;
				PRODUCT_BUNDLE_IDENTIFIER = Carter.ScaleMaster;
				PRODUCT_NAME = "$(TARGET_NAME)";
				SDKROOT = auto;
				SUPPORTED_PLATFORMS = "iphoneos iphonesimulator macosx";
				SWIFT_EMIT_LOC_STRINGS = YES;
				SWIFT_VERSION = 5.0;
				TARGETED_DEVICE_FAMILY = "1,2";
			};
			name = Debug;
		};
		BC99DDC7294E50AB00AB5AF0 /* Release */ = {
			isa = XCBuildConfiguration;
			buildSettings = {
				ASSETCATALOG_COMPILER_APPICON_NAME = AppIcon;
				ASSETCATALOG_COMPILER_GLOBAL_ACCENT_COLOR_NAME = AccentColor;
				CODE_SIGN_ENTITLEMENTS = "Scale Master/Scale Master.entitlements";
				"CODE_SIGN_IDENTITY[sdk=macosx*]" = "Apple Development";
				CODE_SIGN_STYLE = Automatic;
				CURRENT_PROJECT_VERSION = 1;
				DEVELOPMENT_ASSET_PATHS = "\"Scale Master/Preview Content\"";
				DEVELOPMENT_TEAM = K5ZKPZ2Y2S;
				ENABLE_HARDENED_RUNTIME = YES;
				ENABLE_PREVIEWS = YES;
				GENERATE_INFOPLIST_FILE = YES;
				INFOPLIST_FILE = "Scale Master/Info.plist";
				"INFOPLIST_KEY_UIApplicationSceneManifest_Generation[sdk=iphoneos*]" = YES;
				"INFOPLIST_KEY_UIApplicationSceneManifest_Generation[sdk=iphonesimulator*]" = YES;
				"INFOPLIST_KEY_UIApplicationSupportsIndirectInputEvents[sdk=iphoneos*]" = YES;
				"INFOPLIST_KEY_UIApplicationSupportsIndirectInputEvents[sdk=iphonesimulator*]" = YES;
				"INFOPLIST_KEY_UILaunchScreen_Generation[sdk=iphoneos*]" = YES;
				"INFOPLIST_KEY_UILaunchScreen_Generation[sdk=iphonesimulator*]" = YES;
				"INFOPLIST_KEY_UIStatusBarStyle[sdk=iphoneos*]" = UIStatusBarStyleDefault;
				"INFOPLIST_KEY_UIStatusBarStyle[sdk=iphonesimulator*]" = UIStatusBarStyleDefault;
				INFOPLIST_KEY_UISupportedInterfaceOrientations = "UIInterfaceOrientationLandscapeLeft UIInterfaceOrientationLandscapeRight";
				INFOPLIST_KEY_UISupportedInterfaceOrientations_iPad = "UIInterfaceOrientationLandscapeLeft UIInterfaceOrientationLandscapeRight UIInterfaceOrientationPortrait UIInterfaceOrientationPortraitUpsideDown";
				INFOPLIST_KEY_UIUserInterfaceStyle = Light;
				IPHONEOS_DEPLOYMENT_TARGET = 16.0;
				LD_RUNPATH_SEARCH_PATHS = "@executable_path/Frameworks";
				"LD_RUNPATH_SEARCH_PATHS[sdk=macosx*]" = "@executable_path/../Frameworks";
				MACOSX_DEPLOYMENT_TARGET = 13.0;
				MARKETING_VERSION = 1.0;
				PRODUCT_BUNDLE_IDENTIFIER = Carter.ScaleMaster;
				PRODUCT_NAME = "$(TARGET_NAME)";
				SDKROOT = auto;
				SUPPORTED_PLATFORMS = "iphoneos iphonesimulator macosx";
				SWIFT_EMIT_LOC_STRINGS = YES;
				SWIFT_VERSION = 5.0;
				TARGETED_DEVICE_FAMILY = "1,2";
			};
			name = Release;
		};
/* End XCBuildConfiguration section */

/* Begin XCConfigurationList section */
		BC99DDB1294E50AA00AB5AF0 /* Build configuration list for PBXProject "Scale Master" */ = {
			isa = XCConfigurationList;
			buildConfigurations = (
				BC99DDC3294E50AB00AB5AF0 /* Debug */,
				BC99DDC4294E50AB00AB5AF0 /* Release */,
			);
			defaultConfigurationIsVisible = 0;
			defaultConfigurationName = Release;
		};
		BC99DDC5294E50AB00AB5AF0 /* Build configuration list for PBXNativeTarget "Scale Master" */ = {
			isa = XCConfigurationList;
			buildConfigurations = (
				BC99DDC6294E50AB00AB5AF0 /* Debug */,
				BC99DDC7294E50AB00AB5AF0 /* Release */,
			);
			defaultConfigurationIsVisible = 0;
			defaultConfigurationName = Release;
		};
/* End XCConfigurationList section */
	};
	rootObject = BC99DDAE294E50AA00AB5AF0 /* Project object */;
}
